
Microsoft Visual Studio Solution File, Format Version 12.00
# Visual Studio Version 17
VisualStudioVersion = 17.5.33516.290
MinimumVisualStudioVersion = 10.0.40219.1
Project("{9A19103F-16F7-4668-BE54-9A1E7A4F7556}") = "Entidades", "Cementerio\Entidades.csproj", "{B51A343C-8B18-46EE-98FB-31768DACD23D}"
EndProject
Project("{9A19103F-16F7-4668-BE54-9A1E7A4F7556}") = "Formularios", "Formularios\Formularios.csproj", "{04215D7E-FF94-406D-8F9E-875C415FC867}"
EndProject
Project("{FAE04EC0-301F-11D3-BF4B-00C04F79EFBC}") = "MisTestUnitarios", "MisTestUnitarios\MisTestUnitarios.csproj", "{89CB6EA2-5CF0-4A3E-A506-C3A9DDB1A8E1}"
EndProject
Global
	GlobalSection(SolutionConfigurationPlatforms) = preSolution
		Debug|Any CPU = Debug|Any CPU
		Release|Any CPU = Release|Any CPU
	EndGlobalSection
	GlobalSection(ProjectConfigurationPlatforms) = postSolution
		{B51A343C-8B18-46EE-98FB-31768DACD23D}.Debug|Any CPU.ActiveCfg = Debug|Any CPU
		{B51A343C-8B18-46EE-98FB-31768DACD23D}.Debug|Any CPU.Build.0 = Debug|Any CPU
		{B51A343C-8B18-46EE-98FB-31768DACD23D}.Release|Any CPU.ActiveCfg = Release|Any CPU
		{B51A343C-8B18-46EE-98FB-31768DACD23D}.Release|Any CPU.Build.0 = Release|Any CPU
		{04215D7E-FF94-406D-8F9E-875C415FC867}.Debug|Any CPU.ActiveCfg = Debug|Any CPU
		{04215D7E-FF94-406D-8F9E-875C415FC867}.Debug|Any CPU.Build.0 = Debug|Any CPU
		{04215D7E-FF94-406D-8F9E-875C415FC867}.Release|Any CPU.ActiveCfg = Release|Any CPU
		{04215D7E-FF94-406D-8F9E-875C415FC867}.Release|Any CPU.Build.0 = Release|Any CPU
		{89CB6EA2-5CF0-4A3E-A506-C3A9DDB1A8E1}.Debug|Any CPU.ActiveCfg = Debug|Any CPU
		{89CB6EA2-5CF0-4A3E-A506-C3A9DDB1A8E1}.Debug|Any CPU.Build.0 = Debug|Any CPU
		{89CB6EA2-5CF0-4A3E-A506-C3A9DDB1A8E1}.Release|Any CPU.ActiveCfg = Release|Any CPU
		{89CB6EA2-5CF0-4A3E-A506-C3A9DDB1A8E1}.Release|Any CPU.Build.0 = Release|Any CPU
	EndGlobalSection
	GlobalSection(SolutionProperties) = preSolution
		HideSolutionNode = FALSE
	EndGlobalSection
	GlobalSection(ExtensibilityGlobals) = postSolution
		SolutionGuid = {B737F6B3-F697-4978-A111-3AD742D1D21E}
	EndGlobalSection
EndGlobal
